
Microsoft Visual Studio Solution File, Format Version 12.00
# Visual Studio 2013
VisualStudioVersion = 12.0.31101.0
MinimumVisualStudioVersion = 10.0.40219.1
Project("{FAE04EC0-301F-11D3-BF4B-00C04F79EFBC}") = "IDesign.Contract.Education", "IDesign\Contract\Education\IDesign.Contract.Education.csproj", "{C75BDC22-9410-4399-A940-E58D08AFAF4F}"
EndProject
Project("{FAE04EC0-301F-11D3-BF4B-00C04F79EFBC}") = "IDesign.Contract.Market", "IDesign\Contract\Market\IDesign.Contract.Market.csproj", "{92E73DD6-AC2F-4392-B06E-DDB4897C7008}"
EndProject
Project("{FAE04EC0-301F-11D3-BF4B-00C04F79EFBC}") = "IDesign.Contract.Membership", "IDesign\Contract\Membership\IDesign.Contract.Membership.csproj", "{03D5A261-8D43-4E67-8CDC-8651F16C2859}"
EndProject
Project("{FAE04EC0-301F-11D3-BF4B-00C04F79EFBC}") = "IDesign.DataAccess.Education", "IDesign\DataAccess\Education\IDesign.DataAccess.Education.csproj", "{FDABFB24-F628-4422-9066-334065F66FE0}"
EndProject
Project("{2150E333-8FDC-42A3-9474-1A3956D46DE8}") = "Contract", "Contract", "{5DC68D54-7E41-4802-ABB7-E9EF1451A790}"
EndProject
Project("{2150E333-8FDC-42A3-9474-1A3956D46DE8}") = "DataAccess", "DataAccess", "{FA11286B-B5A1-43FF-8A2C-E2F989335C63}"
EndProject
Project("{2150E333-8FDC-42A3-9474-1A3956D46DE8}") = "Engine", "Engine", "{7160772E-BF45-49B1-9266-2ADF080EEC59}"
EndProject
Project("{2150E333-8FDC-42A3-9474-1A3956D46DE8}") = "Manager", "Manager", "{041D4501-3835-43A5-A1ED-88D0D198EC6B}"
EndProject
Project("{FAE04EC0-301F-11D3-BF4B-00C04F79EFBC}") = "IDesign.Manager.Education", "IDesign\Manager\Education\IDesign.Manager.Education.csproj", "{ECADD85D-D741-4CAF-8F82-6563FDC03D53}"
EndProject
Project("{FAE04EC0-301F-11D3-BF4B-00C04F79EFBC}") = "IDesign.Manager.Market", "IDesign\Manager\Market\IDesign.Manager.Market.csproj", "{2C2144F1-AAC2-49C9-9BB6-EFA845594601}"
EndProject
Project("{FAE04EC0-301F-11D3-BF4B-00C04F79EFBC}") = "IDesign.Manager.Membership", "IDesign\Manager\Membership\IDesign.Manager.Membership.csproj", "{210520FE-B482-445F-9F6F-147F3D460F9A}"
EndProject
Project("{2150E333-8FDC-42A3-9474-1A3956D46DE8}") = "Proxy", "Proxy", "{ED626F57-E74C-41EA-B1B2-C5263634D74E}"
EndProject
Project("{FAE04EC0-301F-11D3-BF4B-00C04F79EFBC}") = "IDesign.Proxy.Education", "IDesign\Proxy\Education\IDesign.Proxy.Education.csproj", "{F9E7928D-51FA-457F-8E8B-A4D7758855EF}"
EndProject
Project("{FAE04EC0-301F-11D3-BF4B-00C04F79EFBC}") = "IDesign.Proxy.Market", "IDesign\Proxy\Market\IDesign.Proxy.Market.csproj", "{3A7D90A0-3B68-4AFB-95CA-EEDC75572958}"
EndProject
Project("{FAE04EC0-301F-11D3-BF4B-00C04F79EFBC}") = "IDesign.Proxy.Membership", "IDesign\Proxy\Membership\IDesign.Proxy.Membership.csproj", "{30C6FB68-D8C8-4530-9425-BD4C1C71AC3D}"
EndProject
Project("{2150E333-8FDC-42A3-9474-1A3956D46DE8}") = "Utilities", "Utilities", "{D4DA0497-C2D0-479C-AEEF-AA8B5AE7D75F}"
EndProject
Project("{2150E333-8FDC-42A3-9474-1A3956D46DE8}") = "Audit", "Audit", "{342F5722-A7E6-4CE2-AF73-AA23A0E10A18}"
EndProject
Project("{FAE04EC0-301F-11D3-BF4B-00C04F79EFBC}") = "IDesign.Utilities.Audit.Contract", "IDesign\Utilities\Audit\Contract\IDesign.Utilities.Audit.Contract.csproj", "{EED35E03-546C-411B-98CD-654151CECDD1}"
EndProject
Project("{FAE04EC0-301F-11D3-BF4B-00C04F79EFBC}") = "IDesign.Utilities.Audit.Proxy", "IDesign\Utilities\Audit\Proxy\IDesign.Utilities.Audit.Proxy.csproj", "{C652859C-4E36-42E8-BD26-4216397FCAFD}"
EndProject
Project("{FAE04EC0-301F-11D3-BF4B-00C04F79EFBC}") = "IDesign.Utilities.Audit.Engine", "IDesign\Utilities\Audit\Engine\IDesign.Utilities.Audit.Engine.csproj", "{EF3FB853-063A-4130-97BA-79ED5564492A}"
EndProject
Project("{FAE04EC0-301F-11D3-BF4B-00C04F79EFBC}") = "IDesign.Utilities.Audit.Manager", "IDesign\Utilities\Audit\Manager\IDesign.Utilities.Audit.Manager.csproj", "{4A9E962A-C56F-4683-A7A6-E1274088A446}"
EndProject
Project("{FAE04EC0-301F-11D3-BF4B-00C04F79EFBC}") = "IDesign.Utilities.Audit.DataAccess", "IDesign\Utilities\Audit\DataAccess\IDesign.Utilities.Audit.DataAccess.csproj", "{577564FC-C1BB-4BDB-AEAB-FF33C9BB4192}"
EndProject
Project("{FAE04EC0-301F-11D3-BF4B-00C04F79EFBC}") = "IDesign.Utilities.Audit.Test", "IDesign\Utilities\Audit\Test\IDesign.Utilities.Audit.Test.csproj", "{C1289647-8116-4A15-8AB0-2689A2864BD7}"
EndProject
Project("{2150E333-8FDC-42A3-9474-1A3956D46DE8}") = "Bus", "Bus", "{79124076-4307-4C2A-BDED-7674F7128BA9}"
EndProject
Project("{FAE04EC0-301F-11D3-BF4B-00C04F79EFBC}") = "IDesign.Utilities.Bus.Contract", "IDesign\Utilities\Bus\Contract\IDesign.Utilities.Bus.Contract.csproj", "{736F63F2-87EA-4A4F-93E1-026149B4872C}"
EndProject
Project("{FAE04EC0-301F-11D3-BF4B-00C04F79EFBC}") = "IDesign.Utilities.Bus.DataAccess", "IDesign\Utilities\Bus\DataAccess\IDesign.Utilities.Bus.DataAccess.csproj", "{F6490359-73E3-4DC3-862F-FE394A3E8FC9}"
EndProject
Project("{FAE04EC0-301F-11D3-BF4B-00C04F79EFBC}") = "IDesign.Utilities.Bus.Manager", "IDesign\Utilities\Bus\Manager\IDesign.Utilities.Bus.Manager.csproj", "{5AF4A984-B42E-4302-8CF5-85405BC8EB9A}"
EndProject
Project("{FAE04EC0-301F-11D3-BF4B-00C04F79EFBC}") = "IDesign.Utilities.Bus.Proxy", "IDesign\Utilities\Bus\Proxy\IDesign.Utilities.Bus.Proxy.csproj", "{763CAA97-B86E-4943-8A32-7135615DB9D5}"
EndProject
Project("{FAE04EC0-301F-11D3-BF4B-00C04F79EFBC}") = "IDesign.Utilities.Bus.Test", "IDesign\Utilities\Bus\Test\IDesign.Utilities.Bus.Test.csproj", "{1FFCDDC7-6009-4032-8264-56567D269A8B}"
EndProject
Project("{2150E333-8FDC-42A3-9474-1A3956D46DE8}") = "Logging", "Logging", "{A8CB82A3-F24C-4A5F-BB91-F432FFEA3DD3}"
EndProject
Project("{FAE04EC0-301F-11D3-BF4B-00C04F79EFBC}") = "IDesign.Utilities.Logging.Contract", "IDesign\Utilities\Logging\Contract\IDesign.Utilities.Logging.Contract.csproj", "{E65E8AF8-BFE0-47DD-BC54-59C42BA16795}"
EndProject
Project("{FAE04EC0-301F-11D3-BF4B-00C04F79EFBC}") = "IDesign.Utilities.Logging.DataAccess", "IDesign\Utilities\Logging\DataAccess\IDesign.Utilities.Logging.DataAccess.csproj", "{66FB3F7F-D28A-4F15-9BC5-DADBDB58E18A}"
EndProject
Project("{FAE04EC0-301F-11D3-BF4B-00C04F79EFBC}") = "IDesign.Utilities.Logging.Manager", "IDesign\Utilities\Logging\Manager\IDesign.Utilities.Logging.Manager.csproj", "{7415087B-A828-47DD-B0F7-38C48EB15697}"
EndProject
Project("{FAE04EC0-301F-11D3-BF4B-00C04F79EFBC}") = "IDesign.Utilities.Logging.Proxy", "IDesign\Utilities\Logging\Proxy\IDesign.Utilities.Logging.Proxy.csproj", "{A575C07A-FE56-475D-ACBE-46E9C565AB7D}"
EndProject
Project("{FAE04EC0-301F-11D3-BF4B-00C04F79EFBC}") = "IDesign.Utilities.Logging.Test", "IDesign\Utilities\Logging\Test\IDesign.Utilities.Logging.Test.csproj", "{31388262-8D73-420B-BA06-1984219B8A57}"
EndProject
Project("{2150E333-8FDC-42A3-9474-1A3956D46DE8}") = "Test", "Test", "{F3D19B7B-578E-4E80-8C32-46429BCCD53D}"
EndProject
Project("{FAE04EC0-301F-11D3-BF4B-00C04F79EFBC}") = "ServiceModelEx", "IDesign\Utilities\ServiceModelEx\ServiceModelEx.csproj", "{0858C710-AF53-4049-B98E-CFE3638D1228}"
EndProject
Project("{2150E333-8FDC-42A3-9474-1A3956D46DE8}") = "iFX", "iFX", "{058F180C-608B-4BEE-AF0A-FDE7AD1899F8}"
EndProject
Project("{FAE04EC0-301F-11D3-BF4B-00C04F79EFBC}") = "IDesign.iFX.Common", "IDesign\iFX\Common\IDesign.iFX.Common.csproj", "{9601FFCD-2D02-474B-B51E-8EDF6953AF86}"
EndProject
Project("{FAE04EC0-301F-11D3-BF4B-00C04F79EFBC}") = "IDesign.iFX.Contract", "IDesign\iFX\Contract\IDesign.iFX.Contract.csproj", "{9F79FC00-6F77-4E67-A75B-5666325AB46B}"
EndProject
Project("{FAE04EC0-301F-11D3-BF4B-00C04F79EFBC}") = "IDesign.iFX.Core", "IDesign\iFX\Core\IDesign.iFX.Core.csproj", "{B8749A39-5F7C-442F-89C4-D681F9F26ED3}"
EndProject
Project("{FAE04EC0-301F-11D3-BF4B-00C04F79EFBC}") = "IDesign.iFX.Host", "IDesign\iFX\Host\IDesign.iFX.Host.csproj", "{36B5CE20-E5B4-4F81-8BC7-B1FE94C1163F}"
EndProject
Project("{FAE04EC0-301F-11D3-BF4B-00C04F79EFBC}") = "IDesign.iFX.Proxy", "IDesign\iFX\Proxy\IDesign.iFX.Proxy.csproj", "{D3F27BE7-22F5-47BB-A22C-02CF08F6CE82}"
EndProject
Project("{FAE04EC0-301F-11D3-BF4B-00C04F79EFBC}") = "IDesign.iFX.Service", "IDesign\iFX\Service\IDesign.iFX.Service.csproj", "{90B5C1D9-4A22-4A33-855F-948BAFA5F825}"
EndProject
Project("{FAE04EC0-301F-11D3-BF4B-00C04F79EFBC}") = "IDesign.iFX.Test", "IDesign\iFX\Test\IDesign.iFX.Test.csproj", "{D48860BB-C708-4703-B6D1-4F84CEE6C229}"
EndProject
Project("{FAE04EC0-301F-11D3-BF4B-00C04F79EFBC}") = "IDesign.DataAccess.Common", "IDesign\DataAccess\Common\IDesign.DataAccess.Common.csproj", "{3F682AB9-5D02-43FF-BFEF-24C75FC55F54}"
EndProject
Project("{FAE04EC0-301F-11D3-BF4B-00C04F79EFBC}") = "IDesign.DataAccess.Membership", "IDesign\DataAccess\Membership\IDesign.DataAccess.Membership.csproj", "{01517C2B-A4A2-4ED1-9AD9-062D4984E97F}"
EndProject
Project("{FAE04EC0-301F-11D3-BF4B-00C04F79EFBC}") = "IDesign.DataAccess.Market", "IDesign\DataAccess\Market\IDesign.DataAccess.Market.csproj", "{538A0201-8C63-49E8-B246-8C73782B6165}"
EndProject
Project("{FAE04EC0-301F-11D3-BF4B-00C04F79EFBC}") = "IDesign.Engine.Market", "IDesign\Engine\Market\IDesign.Engine.Market.csproj", "{751A7D38-AD75-46D1-B3E7-783CA1C4B828}"
EndProject
Project("{FAE04EC0-301F-11D3-BF4B-00C04F79EFBC}") = "IDesign.Engine.Common", "IDesign\Engine\Common\IDesign.Engine.Common.csproj", "{D056FC63-838F-422A-BD8F-5AD7C4E20423}"
EndProject
Project("{FAE04EC0-301F-11D3-BF4B-00C04F79EFBC}") = "IDesign.Test.Common", "IDesign\Test\Common\IDesign.Test.Common.csproj", "{6651E5FD-0D1D-4CB0-BE91-7CF475926A01}"
EndProject
Project("{FAE04EC0-301F-11D3-BF4B-00C04F79EFBC}") = "IDesign.Test.Education", "IDesign\Test\Education\IDesign.Test.Education.csproj", "{B733B189-E1B7-411C-8CC7-03E13FF57ACA}"
EndProject
Project("{FAE04EC0-301F-11D3-BF4B-00C04F79EFBC}") = "IDesign.Test.Market", "IDesign\Test\Market\IDesign.Test.Market.csproj", "{F0878AE2-33B8-4393-99B2-DF84D272588F}"
EndProject
Project("{FAE04EC0-301F-11D3-BF4B-00C04F79EFBC}") = "IDesign.Test.Membership", "IDesign\Test\Membership\IDesign.Test.Membership.csproj", "{FF136179-044C-4B92-B2C0-E86D2EFF370E}"
EndProject
Project("{FAE04EC0-301F-11D3-BF4B-00C04F79EFBC}") = "IDesign.Manager.Notification", "IDesign\Manager\Notification\IDesign.Manager.Notification.csproj", "{8A2C0C09-BD90-4355-A3C6-4EBA2DBD3334}"
EndProject
Project("{FAE04EC0-301F-11D3-BF4B-00C04F79EFBC}") = "IDesign.Contract.Notification", "IDesign\Contract\Notification\IDesign.Contract.Notification.csproj", "{191E18D1-1BCE-4233-8C16-4BB44D43F45D}"
EndProject
Global
	GlobalSection(SolutionConfigurationPlatforms) = preSolution
		Debug|Any CPU = Debug|Any CPU
		Design|Any CPU = Design|Any CPU
		Release|Any CPU = Release|Any CPU
	EndGlobalSection
	GlobalSection(ProjectConfigurationPlatforms) = postSolution
		{C75BDC22-9410-4399-A940-E58D08AFAF4F}.Debug|Any CPU.ActiveCfg = Debug|Any CPU
		{C75BDC22-9410-4399-A940-E58D08AFAF4F}.Debug|Any CPU.Build.0 = Debug|Any CPU
		{C75BDC22-9410-4399-A940-E58D08AFAF4F}.Design|Any CPU.ActiveCfg = Debug|Any CPU
		{C75BDC22-9410-4399-A940-E58D08AFAF4F}.Design|Any CPU.Build.0 = Debug|Any CPU
		{C75BDC22-9410-4399-A940-E58D08AFAF4F}.Release|Any CPU.ActiveCfg = Release|Any CPU
		{C75BDC22-9410-4399-A940-E58D08AFAF4F}.Release|Any CPU.Build.0 = Release|Any CPU
		{92E73DD6-AC2F-4392-B06E-DDB4897C7008}.Debug|Any CPU.ActiveCfg = Debug|Any CPU
		{92E73DD6-AC2F-4392-B06E-DDB4897C7008}.Debug|Any CPU.Build.0 = Debug|Any CPU
		{92E73DD6-AC2F-4392-B06E-DDB4897C7008}.Design|Any CPU.ActiveCfg = Debug|Any CPU
		{92E73DD6-AC2F-4392-B06E-DDB4897C7008}.Design|Any CPU.Build.0 = Debug|Any CPU
		{92E73DD6-AC2F-4392-B06E-DDB4897C7008}.Release|Any CPU.ActiveCfg = Release|Any CPU
		{92E73DD6-AC2F-4392-B06E-DDB4897C7008}.Release|Any CPU.Build.0 = Release|Any CPU
		{03D5A261-8D43-4E67-8CDC-8651F16C2859}.Debug|Any CPU.ActiveCfg = Debug|Any CPU
		{03D5A261-8D43-4E67-8CDC-8651F16C2859}.Debug|Any CPU.Build.0 = Debug|Any CPU
		{03D5A261-8D43-4E67-8CDC-8651F16C2859}.Design|Any CPU.ActiveCfg = Debug|Any CPU
		{03D5A261-8D43-4E67-8CDC-8651F16C2859}.Design|Any CPU.Build.0 = Debug|Any CPU
		{03D5A261-8D43-4E67-8CDC-8651F16C2859}.Release|Any CPU.ActiveCfg = Release|Any CPU
		{03D5A261-8D43-4E67-8CDC-8651F16C2859}.Release|Any CPU.Build.0 = Release|Any CPU
		{FDABFB24-F628-4422-9066-334065F66FE0}.Debug|Any CPU.ActiveCfg = Debug|Any CPU
		{FDABFB24-F628-4422-9066-334065F66FE0}.Debug|Any CPU.Build.0 = Debug|Any CPU
		{FDABFB24-F628-4422-9066-334065F66FE0}.Design|Any CPU.ActiveCfg = Debug|Any CPU
		{FDABFB24-F628-4422-9066-334065F66FE0}.Design|Any CPU.Build.0 = Debug|Any CPU
		{FDABFB24-F628-4422-9066-334065F66FE0}.Release|Any CPU.ActiveCfg = Release|Any CPU
		{FDABFB24-F628-4422-9066-334065F66FE0}.Release|Any CPU.Build.0 = Release|Any CPU
		{ECADD85D-D741-4CAF-8F82-6563FDC03D53}.Debug|Any CPU.ActiveCfg = Debug|Any CPU
		{ECADD85D-D741-4CAF-8F82-6563FDC03D53}.Debug|Any CPU.Build.0 = Debug|Any CPU
		{ECADD85D-D741-4CAF-8F82-6563FDC03D53}.Design|Any CPU.ActiveCfg = Debug|Any CPU
		{ECADD85D-D741-4CAF-8F82-6563FDC03D53}.Design|Any CPU.Build.0 = Debug|Any CPU
		{ECADD85D-D741-4CAF-8F82-6563FDC03D53}.Release|Any CPU.ActiveCfg = Release|Any CPU
		{ECADD85D-D741-4CAF-8F82-6563FDC03D53}.Release|Any CPU.Build.0 = Release|Any CPU
		{2C2144F1-AAC2-49C9-9BB6-EFA845594601}.Debug|Any CPU.ActiveCfg = Debug|Any CPU
		{2C2144F1-AAC2-49C9-9BB6-EFA845594601}.Debug|Any CPU.Build.0 = Debug|Any CPU
		{2C2144F1-AAC2-49C9-9BB6-EFA845594601}.Design|Any CPU.ActiveCfg = Debug|Any CPU
		{2C2144F1-AAC2-49C9-9BB6-EFA845594601}.Design|Any CPU.Build.0 = Debug|Any CPU
		{2C2144F1-AAC2-49C9-9BB6-EFA845594601}.Release|Any CPU.ActiveCfg = Release|Any CPU
		{2C2144F1-AAC2-49C9-9BB6-EFA845594601}.Release|Any CPU.Build.0 = Release|Any CPU
		{210520FE-B482-445F-9F6F-147F3D460F9A}.Debug|Any CPU.ActiveCfg = Debug|Any CPU
		{210520FE-B482-445F-9F6F-147F3D460F9A}.Debug|Any CPU.Build.0 = Debug|Any CPU
		{210520FE-B482-445F-9F6F-147F3D460F9A}.Design|Any CPU.ActiveCfg = Debug|Any CPU
		{210520FE-B482-445F-9F6F-147F3D460F9A}.Design|Any CPU.Build.0 = Debug|Any CPU
		{210520FE-B482-445F-9F6F-147F3D460F9A}.Release|Any CPU.ActiveCfg = Release|Any CPU
		{210520FE-B482-445F-9F6F-147F3D460F9A}.Release|Any CPU.Build.0 = Release|Any CPU
		{F9E7928D-51FA-457F-8E8B-A4D7758855EF}.Debug|Any CPU.ActiveCfg = Debug|Any CPU
		{F9E7928D-51FA-457F-8E8B-A4D7758855EF}.Debug|Any CPU.Build.0 = Debug|Any CPU
		{F9E7928D-51FA-457F-8E8B-A4D7758855EF}.Design|Any CPU.ActiveCfg = Debug|Any CPU
		{F9E7928D-51FA-457F-8E8B-A4D7758855EF}.Design|Any CPU.Build.0 = Debug|Any CPU
		{F9E7928D-51FA-457F-8E8B-A4D7758855EF}.Release|Any CPU.ActiveCfg = Release|Any CPU
		{F9E7928D-51FA-457F-8E8B-A4D7758855EF}.Release|Any CPU.Build.0 = Release|Any CPU
		{3A7D90A0-3B68-4AFB-95CA-EEDC75572958}.Debug|Any CPU.ActiveCfg = Debug|Any CPU
		{3A7D90A0-3B68-4AFB-95CA-EEDC75572958}.Debug|Any CPU.Build.0 = Debug|Any CPU
		{3A7D90A0-3B68-4AFB-95CA-EEDC75572958}.Design|Any CPU.ActiveCfg = Debug|Any CPU
		{3A7D90A0-3B68-4AFB-95CA-EEDC75572958}.Design|Any CPU.Build.0 = Debug|Any CPU
		{3A7D90A0-3B68-4AFB-95CA-EEDC75572958}.Release|Any CPU.ActiveCfg = Release|Any CPU
		{3A7D90A0-3B68-4AFB-95CA-EEDC75572958}.Release|Any CPU.Build.0 = Release|Any CPU
		{30C6FB68-D8C8-4530-9425-BD4C1C71AC3D}.Debug|Any CPU.ActiveCfg = Debug|Any CPU
		{30C6FB68-D8C8-4530-9425-BD4C1C71AC3D}.Debug|Any CPU.Build.0 = Debug|Any CPU
		{30C6FB68-D8C8-4530-9425-BD4C1C71AC3D}.Design|Any CPU.ActiveCfg = Debug|Any CPU
		{30C6FB68-D8C8-4530-9425-BD4C1C71AC3D}.Design|Any CPU.Build.0 = Debug|Any CPU
		{30C6FB68-D8C8-4530-9425-BD4C1C71AC3D}.Release|Any CPU.ActiveCfg = Release|Any CPU
		{30C6FB68-D8C8-4530-9425-BD4C1C71AC3D}.Release|Any CPU.Build.0 = Release|Any CPU
		{EED35E03-546C-411B-98CD-654151CECDD1}.Debug|Any CPU.ActiveCfg = Debug|Any CPU
		{EED35E03-546C-411B-98CD-654151CECDD1}.Debug|Any CPU.Build.0 = Debug|Any CPU
		{EED35E03-546C-411B-98CD-654151CECDD1}.Design|Any CPU.ActiveCfg = Debug|Any CPU
		{EED35E03-546C-411B-98CD-654151CECDD1}.Design|Any CPU.Build.0 = Debug|Any CPU
		{EED35E03-546C-411B-98CD-654151CECDD1}.Release|Any CPU.ActiveCfg = Release|Any CPU
		{EED35E03-546C-411B-98CD-654151CECDD1}.Release|Any CPU.Build.0 = Release|Any CPU
		{C652859C-4E36-42E8-BD26-4216397FCAFD}.Debug|Any CPU.ActiveCfg = Debug|Any CPU
		{C652859C-4E36-42E8-BD26-4216397FCAFD}.Debug|Any CPU.Build.0 = Debug|Any CPU
		{C652859C-4E36-42E8-BD26-4216397FCAFD}.Design|Any CPU.ActiveCfg = Debug|Any CPU
		{C652859C-4E36-42E8-BD26-4216397FCAFD}.Design|Any CPU.Build.0 = Debug|Any CPU
		{C652859C-4E36-42E8-BD26-4216397FCAFD}.Release|Any CPU.ActiveCfg = Release|Any CPU
		{C652859C-4E36-42E8-BD26-4216397FCAFD}.Release|Any CPU.Build.0 = Release|Any CPU
		{EF3FB853-063A-4130-97BA-79ED5564492A}.Debug|Any CPU.ActiveCfg = Debug|Any CPU
		{EF3FB853-063A-4130-97BA-79ED5564492A}.Debug|Any CPU.Build.0 = Debug|Any CPU
		{EF3FB853-063A-4130-97BA-79ED5564492A}.Design|Any CPU.ActiveCfg = Debug|Any CPU
		{EF3FB853-063A-4130-97BA-79ED5564492A}.Design|Any CPU.Build.0 = Debug|Any CPU
		{EF3FB853-063A-4130-97BA-79ED5564492A}.Release|Any CPU.ActiveCfg = Release|Any CPU
		{EF3FB853-063A-4130-97BA-79ED5564492A}.Release|Any CPU.Build.0 = Release|Any CPU
		{4A9E962A-C56F-4683-A7A6-E1274088A446}.Debug|Any CPU.ActiveCfg = Debug|Any CPU
		{4A9E962A-C56F-4683-A7A6-E1274088A446}.Debug|Any CPU.Build.0 = Debug|Any CPU
		{4A9E962A-C56F-4683-A7A6-E1274088A446}.Design|Any CPU.ActiveCfg = Debug|Any CPU
		{4A9E962A-C56F-4683-A7A6-E1274088A446}.Design|Any CPU.Build.0 = Debug|Any CPU
		{4A9E962A-C56F-4683-A7A6-E1274088A446}.Release|Any CPU.ActiveCfg = Release|Any CPU
		{4A9E962A-C56F-4683-A7A6-E1274088A446}.Release|Any CPU.Build.0 = Release|Any CPU
		{577564FC-C1BB-4BDB-AEAB-FF33C9BB4192}.Debug|Any CPU.ActiveCfg = Debug|Any CPU
		{577564FC-C1BB-4BDB-AEAB-FF33C9BB4192}.Debug|Any CPU.Build.0 = Debug|Any CPU
		{577564FC-C1BB-4BDB-AEAB-FF33C9BB4192}.Design|Any CPU.ActiveCfg = Debug|Any CPU
		{577564FC-C1BB-4BDB-AEAB-FF33C9BB4192}.Design|Any CPU.Build.0 = Debug|Any CPU
		{577564FC-C1BB-4BDB-AEAB-FF33C9BB4192}.Release|Any CPU.ActiveCfg = Release|Any CPU
		{577564FC-C1BB-4BDB-AEAB-FF33C9BB4192}.Release|Any CPU.Build.0 = Release|Any CPU
		{C1289647-8116-4A15-8AB0-2689A2864BD7}.Debug|Any CPU.ActiveCfg = Debug|Any CPU
		{C1289647-8116-4A15-8AB0-2689A2864BD7}.Debug|Any CPU.Build.0 = Debug|Any CPU
		{C1289647-8116-4A15-8AB0-2689A2864BD7}.Design|Any CPU.ActiveCfg = Debug|Any CPU
		{C1289647-8116-4A15-8AB0-2689A2864BD7}.Design|Any CPU.Build.0 = Debug|Any CPU
		{C1289647-8116-4A15-8AB0-2689A2864BD7}.Release|Any CPU.ActiveCfg = Release|Any CPU
		{C1289647-8116-4A15-8AB0-2689A2864BD7}.Release|Any CPU.Build.0 = Release|Any CPU
		{736F63F2-87EA-4A4F-93E1-026149B4872C}.Debug|Any CPU.ActiveCfg = Debug|Any CPU
		{736F63F2-87EA-4A4F-93E1-026149B4872C}.Debug|Any CPU.Build.0 = Debug|Any CPU
		{736F63F2-87EA-4A4F-93E1-026149B4872C}.Design|Any CPU.ActiveCfg = Debug|Any CPU
		{736F63F2-87EA-4A4F-93E1-026149B4872C}.Design|Any CPU.Build.0 = Debug|Any CPU
		{736F63F2-87EA-4A4F-93E1-026149B4872C}.Release|Any CPU.ActiveCfg = Release|Any CPU
		{736F63F2-87EA-4A4F-93E1-026149B4872C}.Release|Any CPU.Build.0 = Release|Any CPU
		{F6490359-73E3-4DC3-862F-FE394A3E8FC9}.Debug|Any CPU.ActiveCfg = Debug|Any CPU
		{F6490359-73E3-4DC3-862F-FE394A3E8FC9}.Debug|Any CPU.Build.0 = Debug|Any CPU
		{F6490359-73E3-4DC3-862F-FE394A3E8FC9}.Design|Any CPU.ActiveCfg = Debug|Any CPU
		{F6490359-73E3-4DC3-862F-FE394A3E8FC9}.Design|Any CPU.Build.0 = Debug|Any CPU
		{F6490359-73E3-4DC3-862F-FE394A3E8FC9}.Release|Any CPU.ActiveCfg = Release|Any CPU
		{F6490359-73E3-4DC3-862F-FE394A3E8FC9}.Release|Any CPU.Build.0 = Release|Any CPU
		{5AF4A984-B42E-4302-8CF5-85405BC8EB9A}.Debug|Any CPU.ActiveCfg = Debug|Any CPU
		{5AF4A984-B42E-4302-8CF5-85405BC8EB9A}.Debug|Any CPU.Build.0 = Debug|Any CPU
		{5AF4A984-B42E-4302-8CF5-85405BC8EB9A}.Design|Any CPU.ActiveCfg = Debug|Any CPU
		{5AF4A984-B42E-4302-8CF5-85405BC8EB9A}.Design|Any CPU.Build.0 = Debug|Any CPU
		{5AF4A984-B42E-4302-8CF5-85405BC8EB9A}.Release|Any CPU.ActiveCfg = Release|Any CPU
		{5AF4A984-B42E-4302-8CF5-85405BC8EB9A}.Release|Any CPU.Build.0 = Release|Any CPU
		{763CAA97-B86E-4943-8A32-7135615DB9D5}.Debug|Any CPU.ActiveCfg = Debug|Any CPU
		{763CAA97-B86E-4943-8A32-7135615DB9D5}.Debug|Any CPU.Build.0 = Debug|Any CPU
		{763CAA97-B86E-4943-8A32-7135615DB9D5}.Design|Any CPU.ActiveCfg = Debug|Any CPU
		{763CAA97-B86E-4943-8A32-7135615DB9D5}.Design|Any CPU.Build.0 = Debug|Any CPU
		{763CAA97-B86E-4943-8A32-7135615DB9D5}.Release|Any CPU.ActiveCfg = Release|Any CPU
		{763CAA97-B86E-4943-8A32-7135615DB9D5}.Release|Any CPU.Build.0 = Release|Any CPU
		{1FFCDDC7-6009-4032-8264-56567D269A8B}.Debug|Any CPU.ActiveCfg = Debug|Any CPU
		{1FFCDDC7-6009-4032-8264-56567D269A8B}.Debug|Any CPU.Build.0 = Debug|Any CPU
		{1FFCDDC7-6009-4032-8264-56567D269A8B}.Design|Any CPU.ActiveCfg = Debug|Any CPU
		{1FFCDDC7-6009-4032-8264-56567D269A8B}.Design|Any CPU.Build.0 = Debug|Any CPU
		{1FFCDDC7-6009-4032-8264-56567D269A8B}.Release|Any CPU.ActiveCfg = Release|Any CPU
		{1FFCDDC7-6009-4032-8264-56567D269A8B}.Release|Any CPU.Build.0 = Release|Any CPU
		{E65E8AF8-BFE0-47DD-BC54-59C42BA16795}.Debug|Any CPU.ActiveCfg = Debug|Any CPU
		{E65E8AF8-BFE0-47DD-BC54-59C42BA16795}.Debug|Any CPU.Build.0 = Debug|Any CPU
		{E65E8AF8-BFE0-47DD-BC54-59C42BA16795}.Design|Any CPU.ActiveCfg = Debug|Any CPU
		{E65E8AF8-BFE0-47DD-BC54-59C42BA16795}.Design|Any CPU.Build.0 = Debug|Any CPU
		{E65E8AF8-BFE0-47DD-BC54-59C42BA16795}.Release|Any CPU.ActiveCfg = Release|Any CPU
		{E65E8AF8-BFE0-47DD-BC54-59C42BA16795}.Release|Any CPU.Build.0 = Release|Any CPU
		{66FB3F7F-D28A-4F15-9BC5-DADBDB58E18A}.Debug|Any CPU.ActiveCfg = Debug|Any CPU
		{66FB3F7F-D28A-4F15-9BC5-DADBDB58E18A}.Debug|Any CPU.Build.0 = Debug|Any CPU
		{66FB3F7F-D28A-4F15-9BC5-DADBDB58E18A}.Design|Any CPU.ActiveCfg = Debug|Any CPU
		{66FB3F7F-D28A-4F15-9BC5-DADBDB58E18A}.Design|Any CPU.Build.0 = Debug|Any CPU
		{66FB3F7F-D28A-4F15-9BC5-DADBDB58E18A}.Release|Any CPU.ActiveCfg = Release|Any CPU
		{66FB3F7F-D28A-4F15-9BC5-DADBDB58E18A}.Release|Any CPU.Build.0 = Release|Any CPU
		{7415087B-A828-47DD-B0F7-38C48EB15697}.Debug|Any CPU.ActiveCfg = Debug|Any CPU
		{7415087B-A828-47DD-B0F7-38C48EB15697}.Debug|Any CPU.Build.0 = Debug|Any CPU
		{7415087B-A828-47DD-B0F7-38C48EB15697}.Design|Any CPU.ActiveCfg = Debug|Any CPU
		{7415087B-A828-47DD-B0F7-38C48EB15697}.Design|Any CPU.Build.0 = Debug|Any CPU
		{7415087B-A828-47DD-B0F7-38C48EB15697}.Release|Any CPU.ActiveCfg = Release|Any CPU
		{7415087B-A828-47DD-B0F7-38C48EB15697}.Release|Any CPU.Build.0 = Release|Any CPU
		{A575C07A-FE56-475D-ACBE-46E9C565AB7D}.Debug|Any CPU.ActiveCfg = Debug|Any CPU
		{A575C07A-FE56-475D-ACBE-46E9C565AB7D}.Debug|Any CPU.Build.0 = Debug|Any CPU
		{A575C07A-FE56-475D-ACBE-46E9C565AB7D}.Design|Any CPU.ActiveCfg = Debug|Any CPU
		{A575C07A-FE56-475D-ACBE-46E9C565AB7D}.Design|Any CPU.Build.0 = Debug|Any CPU
		{A575C07A-FE56-475D-ACBE-46E9C565AB7D}.Release|Any CPU.ActiveCfg = Release|Any CPU
		{A575C07A-FE56-475D-ACBE-46E9C565AB7D}.Release|Any CPU.Build.0 = Release|Any CPU
		{31388262-8D73-420B-BA06-1984219B8A57}.Debug|Any CPU.ActiveCfg = Debug|Any CPU
		{31388262-8D73-420B-BA06-1984219B8A57}.Debug|Any CPU.Build.0 = Debug|Any CPU
		{31388262-8D73-420B-BA06-1984219B8A57}.Design|Any CPU.ActiveCfg = Debug|Any CPU
		{31388262-8D73-420B-BA06-1984219B8A57}.Design|Any CPU.Build.0 = Debug|Any CPU
		{31388262-8D73-420B-BA06-1984219B8A57}.Release|Any CPU.ActiveCfg = Release|Any CPU
		{31388262-8D73-420B-BA06-1984219B8A57}.Release|Any CPU.Build.0 = Release|Any CPU
		{0858C710-AF53-4049-B98E-CFE3638D1228}.Debug|Any CPU.ActiveCfg = Debug|Any CPU
		{0858C710-AF53-4049-B98E-CFE3638D1228}.Debug|Any CPU.Build.0 = Debug|Any CPU
		{0858C710-AF53-4049-B98E-CFE3638D1228}.Design|Any CPU.ActiveCfg = Design|Any CPU
		{0858C710-AF53-4049-B98E-CFE3638D1228}.Design|Any CPU.Build.0 = Design|Any CPU
		{0858C710-AF53-4049-B98E-CFE3638D1228}.Release|Any CPU.ActiveCfg = Release|Any CPU
		{0858C710-AF53-4049-B98E-CFE3638D1228}.Release|Any CPU.Build.0 = Release|Any CPU
		{9601FFCD-2D02-474B-B51E-8EDF6953AF86}.Debug|Any CPU.ActiveCfg = Debug|Any CPU
		{9601FFCD-2D02-474B-B51E-8EDF6953AF86}.Debug|Any CPU.Build.0 = Debug|Any CPU
		{9601FFCD-2D02-474B-B51E-8EDF6953AF86}.Design|Any CPU.ActiveCfg = Debug|Any CPU
		{9601FFCD-2D02-474B-B51E-8EDF6953AF86}.Design|Any CPU.Build.0 = Debug|Any CPU
		{9601FFCD-2D02-474B-B51E-8EDF6953AF86}.Release|Any CPU.ActiveCfg = Release|Any CPU
		{9601FFCD-2D02-474B-B51E-8EDF6953AF86}.Release|Any CPU.Build.0 = Release|Any CPU
		{9F79FC00-6F77-4E67-A75B-5666325AB46B}.Debug|Any CPU.ActiveCfg = Debug|Any CPU
		{9F79FC00-6F77-4E67-A75B-5666325AB46B}.Debug|Any CPU.Build.0 = Debug|Any CPU
		{9F79FC00-6F77-4E67-A75B-5666325AB46B}.Design|Any CPU.ActiveCfg = Debug|Any CPU
		{9F79FC00-6F77-4E67-A75B-5666325AB46B}.Design|Any CPU.Build.0 = Debug|Any CPU
		{9F79FC00-6F77-4E67-A75B-5666325AB46B}.Release|Any CPU.ActiveCfg = Release|Any CPU
		{9F79FC00-6F77-4E67-A75B-5666325AB46B}.Release|Any CPU.Build.0 = Release|Any CPU
		{B8749A39-5F7C-442F-89C4-D681F9F26ED3}.Debug|Any CPU.ActiveCfg = Debug|Any CPU
		{B8749A39-5F7C-442F-89C4-D681F9F26ED3}.Debug|Any CPU.Build.0 = Debug|Any CPU
		{B8749A39-5F7C-442F-89C4-D681F9F26ED3}.Design|Any CPU.ActiveCfg = Debug|Any CPU
		{B8749A39-5F7C-442F-89C4-D681F9F26ED3}.Design|Any CPU.Build.0 = Debug|Any CPU
		{B8749A39-5F7C-442F-89C4-D681F9F26ED3}.Release|Any CPU.ActiveCfg = Release|Any CPU
		{B8749A39-5F7C-442F-89C4-D681F9F26ED3}.Release|Any CPU.Build.0 = Release|Any CPU
		{36B5CE20-E5B4-4F81-8BC7-B1FE94C1163F}.Debug|Any CPU.ActiveCfg = Debug|Any CPU
		{36B5CE20-E5B4-4F81-8BC7-B1FE94C1163F}.Debug|Any CPU.Build.0 = Debug|Any CPU
		{36B5CE20-E5B4-4F81-8BC7-B1FE94C1163F}.Design|Any CPU.ActiveCfg = Debug|Any CPU
		{36B5CE20-E5B4-4F81-8BC7-B1FE94C1163F}.Design|Any CPU.Build.0 = Debug|Any CPU
		{36B5CE20-E5B4-4F81-8BC7-B1FE94C1163F}.Release|Any CPU.ActiveCfg = Release|Any CPU
		{36B5CE20-E5B4-4F81-8BC7-B1FE94C1163F}.Release|Any CPU.Build.0 = Release|Any CPU
		{D3F27BE7-22F5-47BB-A22C-02CF08F6CE82}.Debug|Any CPU.ActiveCfg = Debug|Any CPU
		{D3F27BE7-22F5-47BB-A22C-02CF08F6CE82}.Debug|Any CPU.Build.0 = Debug|Any CPU
		{D3F27BE7-22F5-47BB-A22C-02CF08F6CE82}.Design|Any CPU.ActiveCfg = Debug|Any CPU
		{D3F27BE7-22F5-47BB-A22C-02CF08F6CE82}.Design|Any CPU.Build.0 = Debug|Any CPU
		{D3F27BE7-22F5-47BB-A22C-02CF08F6CE82}.Release|Any CPU.ActiveCfg = Release|Any CPU
		{D3F27BE7-22F5-47BB-A22C-02CF08F6CE82}.Release|Any CPU.Build.0 = Release|Any CPU
		{90B5C1D9-4A22-4A33-855F-948BAFA5F825}.Debug|Any CPU.ActiveCfg = Debug|Any CPU
		{90B5C1D9-4A22-4A33-855F-948BAFA5F825}.Debug|Any CPU.Build.0 = Debug|Any CPU
		{90B5C1D9-4A22-4A33-855F-948BAFA5F825}.Design|Any CPU.ActiveCfg = Debug|Any CPU
		{90B5C1D9-4A22-4A33-855F-948BAFA5F825}.Design|Any CPU.Build.0 = Debug|Any CPU
		{90B5C1D9-4A22-4A33-855F-948BAFA5F825}.Release|Any CPU.ActiveCfg = Release|Any CPU
		{90B5C1D9-4A22-4A33-855F-948BAFA5F825}.Release|Any CPU.Build.0 = Release|Any CPU
		{D48860BB-C708-4703-B6D1-4F84CEE6C229}.Debug|Any CPU.ActiveCfg = Debug|Any CPU
		{D48860BB-C708-4703-B6D1-4F84CEE6C229}.Debug|Any CPU.Build.0 = Debug|Any CPU
		{D48860BB-C708-4703-B6D1-4F84CEE6C229}.Design|Any CPU.ActiveCfg = Debug|Any CPU
		{D48860BB-C708-4703-B6D1-4F84CEE6C229}.Design|Any CPU.Build.0 = Debug|Any CPU
		{D48860BB-C708-4703-B6D1-4F84CEE6C229}.Release|Any CPU.ActiveCfg = Release|Any CPU
		{D48860BB-C708-4703-B6D1-4F84CEE6C229}.Release|Any CPU.Build.0 = Release|Any CPU
		{3F682AB9-5D02-43FF-BFEF-24C75FC55F54}.Debug|Any CPU.ActiveCfg = Debug|Any CPU
		{3F682AB9-5D02-43FF-BFEF-24C75FC55F54}.Debug|Any CPU.Build.0 = Debug|Any CPU
		{3F682AB9-5D02-43FF-BFEF-24C75FC55F54}.Design|Any CPU.ActiveCfg = Debug|Any CPU
		{3F682AB9-5D02-43FF-BFEF-24C75FC55F54}.Design|Any CPU.Build.0 = Debug|Any CPU
		{3F682AB9-5D02-43FF-BFEF-24C75FC55F54}.Release|Any CPU.ActiveCfg = Release|Any CPU
		{3F682AB9-5D02-43FF-BFEF-24C75FC55F54}.Release|Any CPU.Build.0 = Release|Any CPU
		{01517C2B-A4A2-4ED1-9AD9-062D4984E97F}.Debug|Any CPU.ActiveCfg = Debug|Any CPU
		{01517C2B-A4A2-4ED1-9AD9-062D4984E97F}.Debug|Any CPU.Build.0 = Debug|Any CPU
		{01517C2B-A4A2-4ED1-9AD9-062D4984E97F}.Design|Any CPU.ActiveCfg = Debug|Any CPU
		{01517C2B-A4A2-4ED1-9AD9-062D4984E97F}.Design|Any CPU.Build.0 = Debug|Any CPU
		{01517C2B-A4A2-4ED1-9AD9-062D4984E97F}.Release|Any CPU.ActiveCfg = Release|Any CPU
		{01517C2B-A4A2-4ED1-9AD9-062D4984E97F}.Release|Any CPU.Build.0 = Release|Any CPU
		{538A0201-8C63-49E8-B246-8C73782B6165}.Debug|Any CPU.ActiveCfg = Debug|Any CPU
		{538A0201-8C63-49E8-B246-8C73782B6165}.Debug|Any CPU.Build.0 = Debug|Any CPU
		{538A0201-8C63-49E8-B246-8C73782B6165}.Design|Any CPU.ActiveCfg = Debug|Any CPU
		{538A0201-8C63-49E8-B246-8C73782B6165}.Design|Any CPU.Build.0 = Debug|Any CPU
		{538A0201-8C63-49E8-B246-8C73782B6165}.Release|Any CPU.ActiveCfg = Release|Any CPU
		{538A0201-8C63-49E8-B246-8C73782B6165}.Release|Any CPU.Build.0 = Release|Any CPU
		{751A7D38-AD75-46D1-B3E7-783CA1C4B828}.Debug|Any CPU.ActiveCfg = Debug|Any CPU
		{751A7D38-AD75-46D1-B3E7-783CA1C4B828}.Debug|Any CPU.Build.0 = Debug|Any CPU
		{751A7D38-AD75-46D1-B3E7-783CA1C4B828}.Design|Any CPU.ActiveCfg = Debug|Any CPU
		{751A7D38-AD75-46D1-B3E7-783CA1C4B828}.Design|Any CPU.Build.0 = Debug|Any CPU
		{751A7D38-AD75-46D1-B3E7-783CA1C4B828}.Release|Any CPU.ActiveCfg = Release|Any CPU
		{751A7D38-AD75-46D1-B3E7-783CA1C4B828}.Release|Any CPU.Build.0 = Release|Any CPU
		{D056FC63-838F-422A-BD8F-5AD7C4E20423}.Debug|Any CPU.ActiveCfg = Debug|Any CPU
		{D056FC63-838F-422A-BD8F-5AD7C4E20423}.Debug|Any CPU.Build.0 = Debug|Any CPU
		{D056FC63-838F-422A-BD8F-5AD7C4E20423}.Design|Any CPU.ActiveCfg = Debug|Any CPU
		{D056FC63-838F-422A-BD8F-5AD7C4E20423}.Design|Any CPU.Build.0 = Debug|Any CPU
		{D056FC63-838F-422A-BD8F-5AD7C4E20423}.Release|Any CPU.ActiveCfg = Release|Any CPU
		{D056FC63-838F-422A-BD8F-5AD7C4E20423}.Release|Any CPU.Build.0 = Release|Any CPU
		{6651E5FD-0D1D-4CB0-BE91-7CF475926A01}.Debug|Any CPU.ActiveCfg = Debug|Any CPU
		{6651E5FD-0D1D-4CB0-BE91-7CF475926A01}.Debug|Any CPU.Build.0 = Debug|Any CPU
		{6651E5FD-0D1D-4CB0-BE91-7CF475926A01}.Design|Any CPU.ActiveCfg = Debug|Any CPU
		{6651E5FD-0D1D-4CB0-BE91-7CF475926A01}.Design|Any CPU.Build.0 = Debug|Any CPU
		{6651E5FD-0D1D-4CB0-BE91-7CF475926A01}.Release|Any CPU.ActiveCfg = Release|Any CPU
		{6651E5FD-0D1D-4CB0-BE91-7CF475926A01}.Release|Any CPU.Build.0 = Release|Any CPU
		{B733B189-E1B7-411C-8CC7-03E13FF57ACA}.Debug|Any CPU.ActiveCfg = Debug|Any CPU
		{B733B189-E1B7-411C-8CC7-03E13FF57ACA}.Debug|Any CPU.Build.0 = Debug|Any CPU
		{B733B189-E1B7-411C-8CC7-03E13FF57ACA}.Design|Any CPU.ActiveCfg = Debug|Any CPU
		{B733B189-E1B7-411C-8CC7-03E13FF57ACA}.Design|Any CPU.Build.0 = Debug|Any CPU
		{B733B189-E1B7-411C-8CC7-03E13FF57ACA}.Release|Any CPU.ActiveCfg = Release|Any CPU
		{B733B189-E1B7-411C-8CC7-03E13FF57ACA}.Release|Any CPU.Build.0 = Release|Any CPU
		{F0878AE2-33B8-4393-99B2-DF84D272588F}.Debug|Any CPU.ActiveCfg = Debug|Any CPU
		{F0878AE2-33B8-4393-99B2-DF84D272588F}.Debug|Any CPU.Build.0 = Debug|Any CPU
		{F0878AE2-33B8-4393-99B2-DF84D272588F}.Design|Any CPU.ActiveCfg = Debug|Any CPU
		{F0878AE2-33B8-4393-99B2-DF84D272588F}.Design|Any CPU.Build.0 = Debug|Any CPU
		{F0878AE2-33B8-4393-99B2-DF84D272588F}.Release|Any CPU.ActiveCfg = Release|Any CPU
		{F0878AE2-33B8-4393-99B2-DF84D272588F}.Release|Any CPU.Build.0 = Release|Any CPU
		{FF136179-044C-4B92-B2C0-E86D2EFF370E}.Debug|Any CPU.ActiveCfg = Debug|Any CPU
		{FF136179-044C-4B92-B2C0-E86D2EFF370E}.Debug|Any CPU.Build.0 = Debug|Any CPU
		{FF136179-044C-4B92-B2C0-E86D2EFF370E}.Design|Any CPU.ActiveCfg = Debug|Any CPU
		{FF136179-044C-4B92-B2C0-E86D2EFF370E}.Design|Any CPU.Build.0 = Debug|Any CPU
		{FF136179-044C-4B92-B2C0-E86D2EFF370E}.Release|Any CPU.ActiveCfg = Release|Any CPU
		{FF136179-044C-4B92-B2C0-E86D2EFF370E}.Release|Any CPU.Build.0 = Release|Any CPU
		{8A2C0C09-BD90-4355-A3C6-4EBA2DBD3334}.Debug|Any CPU.ActiveCfg = Debug|Any CPU
		{8A2C0C09-BD90-4355-A3C6-4EBA2DBD3334}.Debug|Any CPU.Build.0 = Debug|Any CPU
		{8A2C0C09-BD90-4355-A3C6-4EBA2DBD3334}.Design|Any CPU.ActiveCfg = Debug|Any CPU
		{8A2C0C09-BD90-4355-A3C6-4EBA2DBD3334}.Design|Any CPU.Build.0 = Debug|Any CPU
		{8A2C0C09-BD90-4355-A3C6-4EBA2DBD3334}.Release|Any CPU.ActiveCfg = Release|Any CPU
		{8A2C0C09-BD90-4355-A3C6-4EBA2DBD3334}.Release|Any CPU.Build.0 = Release|Any CPU
		{191E18D1-1BCE-4233-8C16-4BB44D43F45D}.Debug|Any CPU.ActiveCfg = Debug|Any CPU
		{191E18D1-1BCE-4233-8C16-4BB44D43F45D}.Debug|Any CPU.Build.0 = Debug|Any CPU
		{191E18D1-1BCE-4233-8C16-4BB44D43F45D}.Design|Any CPU.ActiveCfg = Debug|Any CPU
		{191E18D1-1BCE-4233-8C16-4BB44D43F45D}.Design|Any CPU.Build.0 = Debug|Any CPU
		{191E18D1-1BCE-4233-8C16-4BB44D43F45D}.Release|Any CPU.ActiveCfg = Release|Any CPU
		{191E18D1-1BCE-4233-8C16-4BB44D43F45D}.Release|Any CPU.Build.0 = Release|Any CPU
	EndGlobalSection
	GlobalSection(SolutionProperties) = preSolution
		HideSolutionNode = FALSE
	EndGlobalSection
	GlobalSection(NestedProjects) = preSolution
		{C75BDC22-9410-4399-A940-E58D08AFAF4F} = {5DC68D54-7E41-4802-ABB7-E9EF1451A790}
		{92E73DD6-AC2F-4392-B06E-DDB4897C7008} = {5DC68D54-7E41-4802-ABB7-E9EF1451A790}
		{03D5A261-8D43-4E67-8CDC-8651F16C2859} = {5DC68D54-7E41-4802-ABB7-E9EF1451A790}
		{FDABFB24-F628-4422-9066-334065F66FE0} = {FA11286B-B5A1-43FF-8A2C-E2F989335C63}
		{ECADD85D-D741-4CAF-8F82-6563FDC03D53} = {041D4501-3835-43A5-A1ED-88D0D198EC6B}
		{2C2144F1-AAC2-49C9-9BB6-EFA845594601} = {041D4501-3835-43A5-A1ED-88D0D198EC6B}
		{210520FE-B482-445F-9F6F-147F3D460F9A} = {041D4501-3835-43A5-A1ED-88D0D198EC6B}
		{F9E7928D-51FA-457F-8E8B-A4D7758855EF} = {ED626F57-E74C-41EA-B1B2-C5263634D74E}
		{3A7D90A0-3B68-4AFB-95CA-EEDC75572958} = {ED626F57-E74C-41EA-B1B2-C5263634D74E}
		{30C6FB68-D8C8-4530-9425-BD4C1C71AC3D} = {ED626F57-E74C-41EA-B1B2-C5263634D74E}
		{342F5722-A7E6-4CE2-AF73-AA23A0E10A18} = {D4DA0497-C2D0-479C-AEEF-AA8B5AE7D75F}
		{EED35E03-546C-411B-98CD-654151CECDD1} = {342F5722-A7E6-4CE2-AF73-AA23A0E10A18}
		{C652859C-4E36-42E8-BD26-4216397FCAFD} = {342F5722-A7E6-4CE2-AF73-AA23A0E10A18}
		{EF3FB853-063A-4130-97BA-79ED5564492A} = {342F5722-A7E6-4CE2-AF73-AA23A0E10A18}
		{4A9E962A-C56F-4683-A7A6-E1274088A446} = {342F5722-A7E6-4CE2-AF73-AA23A0E10A18}
		{577564FC-C1BB-4BDB-AEAB-FF33C9BB4192} = {342F5722-A7E6-4CE2-AF73-AA23A0E10A18}
		{C1289647-8116-4A15-8AB0-2689A2864BD7} = {342F5722-A7E6-4CE2-AF73-AA23A0E10A18}
		{79124076-4307-4C2A-BDED-7674F7128BA9} = {D4DA0497-C2D0-479C-AEEF-AA8B5AE7D75F}
		{736F63F2-87EA-4A4F-93E1-026149B4872C} = {79124076-4307-4C2A-BDED-7674F7128BA9}
		{F6490359-73E3-4DC3-862F-FE394A3E8FC9} = {79124076-4307-4C2A-BDED-7674F7128BA9}
		{5AF4A984-B42E-4302-8CF5-85405BC8EB9A} = {79124076-4307-4C2A-BDED-7674F7128BA9}
		{763CAA97-B86E-4943-8A32-7135615DB9D5} = {79124076-4307-4C2A-BDED-7674F7128BA9}
		{1FFCDDC7-6009-4032-8264-56567D269A8B} = {79124076-4307-4C2A-BDED-7674F7128BA9}
		{A8CB82A3-F24C-4A5F-BB91-F432FFEA3DD3} = {D4DA0497-C2D0-479C-AEEF-AA8B5AE7D75F}
		{E65E8AF8-BFE0-47DD-BC54-59C42BA16795} = {A8CB82A3-F24C-4A5F-BB91-F432FFEA3DD3}
		{66FB3F7F-D28A-4F15-9BC5-DADBDB58E18A} = {A8CB82A3-F24C-4A5F-BB91-F432FFEA3DD3}
		{7415087B-A828-47DD-B0F7-38C48EB15697} = {A8CB82A3-F24C-4A5F-BB91-F432FFEA3DD3}
		{A575C07A-FE56-475D-ACBE-46E9C565AB7D} = {A8CB82A3-F24C-4A5F-BB91-F432FFEA3DD3}
		{31388262-8D73-420B-BA06-1984219B8A57} = {A8CB82A3-F24C-4A5F-BB91-F432FFEA3DD3}
		{0858C710-AF53-4049-B98E-CFE3638D1228} = {D4DA0497-C2D0-479C-AEEF-AA8B5AE7D75F}
		{9601FFCD-2D02-474B-B51E-8EDF6953AF86} = {058F180C-608B-4BEE-AF0A-FDE7AD1899F8}
		{9F79FC00-6F77-4E67-A75B-5666325AB46B} = {058F180C-608B-4BEE-AF0A-FDE7AD1899F8}
		{B8749A39-5F7C-442F-89C4-D681F9F26ED3} = {058F180C-608B-4BEE-AF0A-FDE7AD1899F8}
		{36B5CE20-E5B4-4F81-8BC7-B1FE94C1163F} = {058F180C-608B-4BEE-AF0A-FDE7AD1899F8}
		{D3F27BE7-22F5-47BB-A22C-02CF08F6CE82} = {058F180C-608B-4BEE-AF0A-FDE7AD1899F8}
		{90B5C1D9-4A22-4A33-855F-948BAFA5F825} = {058F180C-608B-4BEE-AF0A-FDE7AD1899F8}
		{D48860BB-C708-4703-B6D1-4F84CEE6C229} = {058F180C-608B-4BEE-AF0A-FDE7AD1899F8}
		{3F682AB9-5D02-43FF-BFEF-24C75FC55F54} = {FA11286B-B5A1-43FF-8A2C-E2F989335C63}
		{01517C2B-A4A2-4ED1-9AD9-062D4984E97F} = {FA11286B-B5A1-43FF-8A2C-E2F989335C63}
		{538A0201-8C63-49E8-B246-8C73782B6165} = {FA11286B-B5A1-43FF-8A2C-E2F989335C63}
		{751A7D38-AD75-46D1-B3E7-783CA1C4B828} = {7160772E-BF45-49B1-9266-2ADF080EEC59}
		{D056FC63-838F-422A-BD8F-5AD7C4E20423} = {7160772E-BF45-49B1-9266-2ADF080EEC59}
		{6651E5FD-0D1D-4CB0-BE91-7CF475926A01} = {F3D19B7B-578E-4E80-8C32-46429BCCD53D}
		{B733B189-E1B7-411C-8CC7-03E13FF57ACA} = {F3D19B7B-578E-4E80-8C32-46429BCCD53D}
		{F0878AE2-33B8-4393-99B2-DF84D272588F} = {F3D19B7B-578E-4E80-8C32-46429BCCD53D}
		{FF136179-044C-4B92-B2C0-E86D2EFF370E} = {F3D19B7B-578E-4E80-8C32-46429BCCD53D}
		{8A2C0C09-BD90-4355-A3C6-4EBA2DBD3334} = {041D4501-3835-43A5-A1ED-88D0D198EC6B}
		{191E18D1-1BCE-4233-8C16-4BB44D43F45D} = {5DC68D54-7E41-4802-ABB7-E9EF1451A790}
	EndGlobalSection
EndGlobal
